// !$*UTF8*$!
{
	archiveVersion = 1;
	classes = {
	};
	objectVersion = 46;
	objects = {

/* Begin PBXBuildFile section */
		8276C64D1CF7741F0006DEC1 /* AppDelegate.swift in Sources */ = {isa = PBXBuildFile; fileRef = 8276C64C1CF7741F0006DEC1 /* AppDelegate.swift */; };
		8276C64F1CF7741F0006DEC1 /* ActiveScenariosViewController.swift in Sources */ = {isa = PBXBuildFile; fileRef = 8276C64E1CF7741F0006DEC1 /* ActiveScenariosViewController.swift */; };
		8276C6521CF7741F0006DEC1 /* Main.storyboard in Resources */ = {isa = PBXBuildFile; fileRef = 8276C6501CF7741F0006DEC1 /* Main.storyboard */; };
		8276C6541CF7741F0006DEC1 /* Assets.xcassets in Resources */ = {isa = PBXBuildFile; fileRef = 8276C6531CF7741F0006DEC1 /* Assets.xcassets */; };
		8276C6571CF7741F0006DEC1 /* LaunchScreen.storyboard in Resources */ = {isa = PBXBuildFile; fileRef = 8276C6551CF7741F0006DEC1 /* LaunchScreen.storyboard */; };
		8276C6611CF7762A0006DEC1 /* ShopViewController.swift in Sources */ = {isa = PBXBuildFile; fileRef = 8276C6601CF7762A0006DEC1 /* ShopViewController.swift */; };
		8276C6631CF7763B0006DEC1 /* ProfileViewController.swift in Sources */ = {isa = PBXBuildFile; fileRef = 8276C6621CF7763B0006DEC1 /* ProfileViewController.swift */; };
		8276C6651CF77B580006DEC1 /* User.swift in Sources */ = {isa = PBXBuildFile; fileRef = 8276C6641CF77B580006DEC1 /* User.swift */; };
		8276C6671CF77BBD0006DEC1 /* Scenario.swift in Sources */ = {isa = PBXBuildFile; fileRef = 8276C6661CF77BBD0006DEC1 /* Scenario.swift */; };
		8276C6691CF77D740006DEC1 /* Trigger.swift in Sources */ = {isa = PBXBuildFile; fileRef = 8276C6681CF77D740006DEC1 /* Trigger.swift */; };
		8276C66B1CF77E1F0006DEC1 /* Action.swift in Sources */ = {isa = PBXBuildFile; fileRef = 8276C66A1CF77E1F0006DEC1 /* Action.swift */; };
		8276C66E1CF782A60006DEC1 /* ShopCell.swift in Sources */ = {isa = PBXBuildFile; fileRef = 8276C66C1CF782A60006DEC1 /* ShopCell.swift */; };
		8276C66F1CF782A60006DEC1 /* ShopCell.xib in Resources */ = {isa = PBXBuildFile; fileRef = 8276C66D1CF782A60006DEC1 /* ShopCell.xib */; };
		8276C6711CF78D7D0006DEC1 /* DetailedScenarioViewController.swift in Sources */ = {isa = PBXBuildFile; fileRef = 8276C6701CF78D7D0006DEC1 /* DetailedScenarioViewController.swift */; };
		8276C67A1CF7BEF80006DEC1 /* NATAdvertisingOperation.swift in Sources */ = {isa = PBXBuildFile; fileRef = 8276C6731CF7BEF80006DEC1 /* NATAdvertisingOperation.swift */; };
		8276C67C1CF7BEF80006DEC1 /* NATMonitoringOperation.swift in Sources */ = {isa = PBXBuildFile; fileRef = 8276C6751CF7BEF80006DEC1 /* NATMonitoringOperation.swift */; };
		8276C67D1CF7BEF80006DEC1 /* NATOperation.swift in Sources */ = {isa = PBXBuildFile; fileRef = 8276C6761CF7BEF80006DEC1 /* NATOperation.swift */; };
		8276C67E1CF7BEF80006DEC1 /* NATOperationCell.swift in Sources */ = {isa = PBXBuildFile; fileRef = 8276C6771CF7BEF80006DEC1 /* NATOperationCell.swift */; };
		8276C67F1CF7BEF80006DEC1 /* NATRangingOperation.swift in Sources */ = {isa = PBXBuildFile; fileRef = 8276C6781CF7BEF80006DEC1 /* NATRangingOperation.swift */; };
		8276C6801CF7BEF80006DEC1 /* NATViewController.swift in Sources */ = {isa = PBXBuildFile; fileRef = 8276C6791CF7BEF80006DEC1 /* NATViewController.swift */; };
		EBF8A62F5C807F25170A26DA /* Pods.framework in Frameworks */ = {isa = PBXBuildFile; fileRef = E707C6F5B5FC2F7059C1787D /* Pods.framework */; };
/* End PBXBuildFile section */

/* Begin PBXFileReference section */
		8276C6491CF7741F0006DEC1 /* GeoHome.app */ = {isa = PBXFileReference; explicitFileType = wrapper.application; includeInIndex = 0; path = GeoHome.app; sourceTree = BUILT_PRODUCTS_DIR; };
		8276C64C1CF7741F0006DEC1 /* AppDelegate.swift */ = {isa = PBXFileReference; lastKnownFileType = sourcecode.swift; path = AppDelegate.swift; sourceTree = "<group>"; };
		8276C64E1CF7741F0006DEC1 /* ActiveScenariosViewController.swift */ = {isa = PBXFileReference; lastKnownFileType = sourcecode.swift; path = ActiveScenariosViewController.swift; sourceTree = "<group>"; };
		8276C6511CF7741F0006DEC1 /* Base */ = {isa = PBXFileReference; lastKnownFileType = file.storyboard; name = Base; path = Base.lproj/Main.storyboard; sourceTree = "<group>"; };
		8276C6531CF7741F0006DEC1 /* Assets.xcassets */ = {isa = PBXFileReference; lastKnownFileType = folder.assetcatalog; path = Assets.xcassets; sourceTree = "<group>"; };
		8276C6561CF7741F0006DEC1 /* Base */ = {isa = PBXFileReference; lastKnownFileType = file.storyboard; name = Base; path = Base.lproj/LaunchScreen.storyboard; sourceTree = "<group>"; };
		8276C6581CF7741F0006DEC1 /* Info.plist */ = {isa = PBXFileReference; lastKnownFileType = text.plist.xml; path = Info.plist; sourceTree = "<group>"; };
		8276C6601CF7762A0006DEC1 /* ShopViewController.swift */ = {isa = PBXFileReference; fileEncoding = 4; lastKnownFileType = sourcecode.swift; path = ShopViewController.swift; sourceTree = "<group>"; };
		8276C6621CF7763B0006DEC1 /* ProfileViewController.swift */ = {isa = PBXFileReference; fileEncoding = 4; lastKnownFileType = sourcecode.swift; path = ProfileViewController.swift; sourceTree = "<group>"; };
		8276C6641CF77B580006DEC1 /* User.swift */ = {isa = PBXFileReference; fileEncoding = 4; lastKnownFileType = sourcecode.swift; path = User.swift; sourceTree = "<group>"; };
		8276C6661CF77BBD0006DEC1 /* Scenario.swift */ = {isa = PBXFileReference; fileEncoding = 4; lastKnownFileType = sourcecode.swift; path = Scenario.swift; sourceTree = "<group>"; };
		8276C6681CF77D740006DEC1 /* Trigger.swift */ = {isa = PBXFileReference; fileEncoding = 4; lastKnownFileType = sourcecode.swift; path = Trigger.swift; sourceTree = "<group>"; };
		8276C66A1CF77E1F0006DEC1 /* Action.swift */ = {isa = PBXFileReference; fileEncoding = 4; lastKnownFileType = sourcecode.swift; path = Action.swift; sourceTree = "<group>"; };
		8276C66C1CF782A60006DEC1 /* ShopCell.swift */ = {isa = PBXFileReference; fileEncoding = 4; lastKnownFileType = sourcecode.swift; path = ShopCell.swift; sourceTree = "<group>"; };
		8276C66D1CF782A60006DEC1 /* ShopCell.xib */ = {isa = PBXFileReference; fileEncoding = 4; lastKnownFileType = file.xib; path = ShopCell.xib; sourceTree = "<group>"; };
		8276C6701CF78D7D0006DEC1 /* DetailedScenarioViewController.swift */ = {isa = PBXFileReference; fileEncoding = 4; lastKnownFileType = sourcecode.swift; path = DetailedScenarioViewController.swift; sourceTree = "<group>"; };
		8276C6731CF7BEF80006DEC1 /* NATAdvertisingOperation.swift */ = {isa = PBXFileReference; fileEncoding = 4; lastKnownFileType = sourcecode.swift; path = NATAdvertisingOperation.swift; sourceTree = "<group>"; };
		8276C6751CF7BEF80006DEC1 /* NATMonitoringOperation.swift */ = {isa = PBXFileReference; fileEncoding = 4; lastKnownFileType = sourcecode.swift; path = NATMonitoringOperation.swift; sourceTree = "<group>"; };
		8276C6761CF7BEF80006DEC1 /* NATOperation.swift */ = {isa = PBXFileReference; fileEncoding = 4; lastKnownFileType = sourcecode.swift; path = NATOperation.swift; sourceTree = "<group>"; };
		8276C6771CF7BEF80006DEC1 /* NATOperationCell.swift */ = {isa = PBXFileReference; fileEncoding = 4; lastKnownFileType = sourcecode.swift; path = NATOperationCell.swift; sourceTree = "<group>"; };
		8276C6781CF7BEF80006DEC1 /* NATRangingOperation.swift */ = {isa = PBXFileReference; fileEncoding = 4; lastKnownFileType = sourcecode.swift; path = NATRangingOperation.swift; sourceTree = "<group>"; };
		8276C6791CF7BEF80006DEC1 /* NATViewController.swift */ = {isa = PBXFileReference; fileEncoding = 4; lastKnownFileType = sourcecode.swift; path = NATViewController.swift; sourceTree = "<group>"; };
		8D93072460BC9CE3E55F28E4 /* Pods.debug.xcconfig */ = {isa = PBXFileReference; includeInIndex = 1; lastKnownFileType = text.xcconfig; name = Pods.debug.xcconfig; path = "Pods/Target Support Files/Pods/Pods.debug.xcconfig"; sourceTree = "<group>"; };
		DD03B1D914B3A4C59E678D1C /* Pods.release.xcconfig */ = {isa = PBXFileReference; includeInIndex = 1; lastKnownFileType = text.xcconfig; name = Pods.release.xcconfig; path = "Pods/Target Support Files/Pods/Pods.release.xcconfig"; sourceTree = "<group>"; };
		E707C6F5B5FC2F7059C1787D /* Pods.framework */ = {isa = PBXFileReference; explicitFileType = wrapper.framework; includeInIndex = 0; path = Pods.framework; sourceTree = BUILT_PRODUCTS_DIR; };
/* End PBXFileReference section */

/* Begin PBXFrameworksBuildPhase section */
		8276C6461CF7741F0006DEC1 /* Frameworks */ = {
			isa = PBXFrameworksBuildPhase;
			buildActionMask = 2147483647;
			files = (
				EBF8A62F5C807F25170A26DA /* Pods.framework in Frameworks */,
			);
			runOnlyForDeploymentPostprocessing = 0;
		};
/* End PBXFrameworksBuildPhase section */

/* Begin PBXGroup section */
		8276C6401CF7741F0006DEC1 = {
			isa = PBXGroup;
			children = (
				8276C64B1CF7741F0006DEC1 /* GeoHome */,
				8276C64A1CF7741F0006DEC1 /* Products */,
				D3F6FA7A2CA045AA4C460125 /* Pods */,
				FC0721DFDD1ABA98347415B4 /* Frameworks */,
			);
			sourceTree = "<group>";
		};
		8276C64A1CF7741F0006DEC1 /* Products */ = {
			isa = PBXGroup;
			children = (
				8276C6491CF7741F0006DEC1 /* GeoHome.app */,
			);
			name = Products;
			sourceTree = "<group>";
		};
		8276C64B1CF7741F0006DEC1 /* GeoHome */ = {
			isa = PBXGroup;
			children = (
				8276C6721CF7BEF80006DEC1 /* iBeacons */,
				8276C64C1CF7741F0006DEC1 /* AppDelegate.swift */,
				8276C64E1CF7741F0006DEC1 /* ActiveScenariosViewController.swift */,
				8276C6601CF7762A0006DEC1 /* ShopViewController.swift */,
				8276C6621CF7763B0006DEC1 /* ProfileViewController.swift */,
				8276C6501CF7741F0006DEC1 /* Main.storyboard */,
				8276C6701CF78D7D0006DEC1 /* DetailedScenarioViewController.swift */,
				8276C6641CF77B580006DEC1 /* User.swift */,
				8276C6661CF77BBD0006DEC1 /* Scenario.swift */,
				8276C6681CF77D740006DEC1 /* Trigger.swift */,
				8276C66A1CF77E1F0006DEC1 /* Action.swift */,
				8276C66C1CF782A60006DEC1 /* ShopCell.swift */,
				8276C66D1CF782A60006DEC1 /* ShopCell.xib */,
				8276C6531CF7741F0006DEC1 /* Assets.xcassets */,
				8276C6551CF7741F0006DEC1 /* LaunchScreen.storyboard */,
				8276C6581CF7741F0006DEC1 /* Info.plist */,
			);
			path = GeoHome;
			sourceTree = "<group>";
		};
		8276C6721CF7BEF80006DEC1 /* iBeacons */ = {
			isa = PBXGroup;
			children = (
				8276C6731CF7BEF80006DEC1 /* NATAdvertisingOperation.swift */,
				8276C6751CF7BEF80006DEC1 /* NATMonitoringOperation.swift */,
				8276C6761CF7BEF80006DEC1 /* NATOperation.swift */,
				8276C6771CF7BEF80006DEC1 /* NATOperationCell.swift */,
				8276C6781CF7BEF80006DEC1 /* NATRangingOperation.swift */,
				8276C6791CF7BEF80006DEC1 /* NATViewController.swift */,
			);
			path = iBeacons;
			sourceTree = "<group>";
		};
		D3F6FA7A2CA045AA4C460125 /* Pods */ = {
			isa = PBXGroup;
			children = (
				8D93072460BC9CE3E55F28E4 /* Pods.debug.xcconfig */,
				DD03B1D914B3A4C59E678D1C /* Pods.release.xcconfig */,
			);
			name = Pods;
			sourceTree = "<group>";
		};
		FC0721DFDD1ABA98347415B4 /* Frameworks */ = {
			isa = PBXGroup;
			children = (
				E707C6F5B5FC2F7059C1787D /* Pods.framework */,
			);
			name = Frameworks;
			sourceTree = "<group>";
		};
/* End PBXGroup section */

/* Begin PBXNativeTarget section */
		8276C6481CF7741F0006DEC1 /* GeoHome */ = {
			isa = PBXNativeTarget;
			buildConfigurationList = 8276C65B1CF7741F0006DEC1 /* Build configuration list for PBXNativeTarget "GeoHome" */;
			buildPhases = (
				2FF5B3ABCA02E6EA851F0C04 /* Check Pods Manifest.lock */,
				8276C6451CF7741F0006DEC1 /* Sources */,
				8276C6461CF7741F0006DEC1 /* Frameworks */,
				8276C6471CF7741F0006DEC1 /* Resources */,
				71A7B7F0C5627DA18693F4AD /* Embed Pods Frameworks */,
				BAF31520B5D73DF8025AC04F /* Copy Pods Resources */,
			);
			buildRules = (
			);
			dependencies = (
			);
			name = GeoHome;
			productName = GeoHome;
			productReference = 8276C6491CF7741F0006DEC1 /* GeoHome.app */;
			productType = "com.apple.product-type.application";
		};
/* End PBXNativeTarget section */

/* Begin PBXProject section */
		8276C6411CF7741F0006DEC1 /* Project object */ = {
			isa = PBXProject;
			attributes = {
				LastSwiftUpdateCheck = 0730;
				LastUpgradeCheck = 0800;
				ORGANIZATIONNAME = "Vadim Drobinin";
				TargetAttributes = {
					8276C6481CF7741F0006DEC1 = {
						CreatedOnToolsVersion = 7.3;
						DevelopmentTeam = X72G5VQBS8;
						DevelopmentTeamName = "Vadim Drobinin";
						LastSwiftMigration = 0800;
						SystemCapabilities = {
							com.apple.BackgroundModes = {
								enabled = 1;
							};
						};
					};
				};
			};
			buildConfigurationList = 8276C6441CF7741F0006DEC1 /* Build configuration list for PBXProject "GeoHome" */;
			compatibilityVersion = "Xcode 3.2";
			developmentRegion = English;
			hasScannedForEncodings = 0;
			knownRegions = (
				en,
				Base,
			);
			mainGroup = 8276C6401CF7741F0006DEC1;
			productRefGroup = 8276C64A1CF7741F0006DEC1 /* Products */;
			projectDirPath = "";
			projectRoot = "";
			targets = (
				8276C6481CF7741F0006DEC1 /* GeoHome */,
			);
		};
/* End PBXProject section */

/* Begin PBXResourcesBuildPhase section */
		8276C6471CF7741F0006DEC1 /* Resources */ = {
			isa = PBXResourcesBuildPhase;
			buildActionMask = 2147483647;
			files = (
				8276C6571CF7741F0006DEC1 /* LaunchScreen.storyboard in Resources */,
				8276C6541CF7741F0006DEC1 /* Assets.xcassets in Resources */,
				8276C6521CF7741F0006DEC1 /* Main.storyboard in Resources */,
				8276C66F1CF782A60006DEC1 /* ShopCell.xib in Resources */,
			);
			runOnlyForDeploymentPostprocessing = 0;
		};
/* End PBXResourcesBuildPhase section */

/* Begin PBXShellScriptBuildPhase section */
		2FF5B3ABCA02E6EA851F0C04 /* Check Pods Manifest.lock */ = {
			isa = PBXShellScriptBuildPhase;
			buildActionMask = 2147483647;
			files = (
			);
			inputPaths = (
			);
			name = "Check Pods Manifest.lock";
			outputPaths = (
			);
			runOnlyForDeploymentPostprocessing = 0;
			shellPath = /bin/sh;
			shellScript = "diff \"${PODS_ROOT}/../Podfile.lock\" \"${PODS_ROOT}/Manifest.lock\" > /dev/null\nif [[ $? != 0 ]] ; then\n    cat << EOM\nerror: The sandbox is not in sync with the Podfile.lock. Run 'pod install' or update your CocoaPods installation.\nEOM\n    exit 1\nfi\n";
			showEnvVarsInLog = 0;
		};
		71A7B7F0C5627DA18693F4AD /* Embed Pods Frameworks */ = {
			isa = PBXShellScriptBuildPhase;
			buildActionMask = 2147483647;
			files = (
			);
			inputPaths = (
			);
			name = "Embed Pods Frameworks";
			outputPaths = (
			);
			runOnlyForDeploymentPostprocessing = 0;
			shellPath = /bin/sh;
			shellScript = "\"${SRCROOT}/Pods/Target Support Files/Pods/Pods-frameworks.sh\"\n";
			showEnvVarsInLog = 0;
		};
		BAF31520B5D73DF8025AC04F /* Copy Pods Resources */ = {
			isa = PBXShellScriptBuildPhase;
			buildActionMask = 2147483647;
			files = (
			);
			inputPaths = (
			);
			name = "Copy Pods Resources";
			outputPaths = (
			);
			runOnlyForDeploymentPostprocessing = 0;
			shellPath = /bin/sh;
			shellScript = "\"${SRCROOT}/Pods/Target Support Files/Pods/Pods-resources.sh\"\n";
			showEnvVarsInLog = 0;
		};
/* End PBXShellScriptBuildPhase section */

/* Begin PBXSourcesBuildPhase section */
		8276C6451CF7741F0006DEC1 /* Sources */ = {
			isa = PBXSourcesBuildPhase;
			buildActionMask = 2147483647;
			files = (
				8276C6711CF78D7D0006DEC1 /* DetailedScenarioViewController.swift in Sources */,
				8276C67E1CF7BEF80006DEC1 /* NATOperationCell.swift in Sources */,
				8276C67A1CF7BEF80006DEC1 /* NATAdvertisingOperation.swift in Sources */,
				8276C64F1CF7741F0006DEC1 /* ActiveScenariosViewController.swift in Sources */,
				8276C66E1CF782A60006DEC1 /* ShopCell.swift in Sources */,
				8276C64D1CF7741F0006DEC1 /* AppDelegate.swift in Sources */,
				8276C67C1CF7BEF80006DEC1 /* NATMonitoringOperation.swift in Sources */,
				8276C6801CF7BEF80006DEC1 /* NATViewController.swift in Sources */,
				8276C6631CF7763B0006DEC1 /* ProfileViewController.swift in Sources */,
				8276C6671CF77BBD0006DEC1 /* Scenario.swift in Sources */,
				8276C6691CF77D740006DEC1 /* Trigger.swift in Sources */,
				8276C66B1CF77E1F0006DEC1 /* Action.swift in Sources */,
				8276C6651CF77B580006DEC1 /* User.swift in Sources */,
				8276C6611CF7762A0006DEC1 /* ShopViewController.swift in Sources */,
				8276C67F1CF7BEF80006DEC1 /* NATRangingOperation.swift in Sources */,
				8276C67D1CF7BEF80006DEC1 /* NATOperation.swift in Sources */,
			);
			runOnlyForDeploymentPostprocessing = 0;
		};
/* End PBXSourcesBuildPhase section */

/* Begin PBXVariantGroup section */
		8276C6501CF7741F0006DEC1 /* Main.storyboard */ = {
			isa = PBXVariantGroup;
			children = (
				8276C6511CF7741F0006DEC1 /* Base */,
			);
			name = Main.storyboard;
			sourceTree = "<group>";
		};
		8276C6551CF7741F0006DEC1 /* LaunchScreen.storyboard */ = {
			isa = PBXVariantGroup;
			children = (
				8276C6561CF7741F0006DEC1 /* Base */,
			);
			name = LaunchScreen.storyboard;
			sourceTree = "<group>";
		};
/* End PBXVariantGroup section */

/* Begin XCBuildConfiguration section */
		8276C6591CF7741F0006DEC1 /* Debug */ = {
			isa = XCBuildConfiguration;
			buildSettings = {
				ALWAYS_SEARCH_USER_PATHS = NO;
				CLANG_ANALYZER_NONNULL = YES;
				CLANG_CXX_LANGUAGE_STANDARD = "gnu++0x";
				CLANG_CXX_LIBRARY = "libc++";
				CLANG_ENABLE_MODULES = YES;
				CLANG_ENABLE_OBJC_ARC = YES;
				CLANG_WARN_BOOL_CONVERSION = YES;
				CLANG_WARN_CONSTANT_CONVERSION = YES;
				CLANG_WARN_DIRECT_OBJC_ISA_USAGE = YES_ERROR;
				CLANG_WARN_EMPTY_BODY = YES;
				CLANG_WARN_ENUM_CONVERSION = YES;
				CLANG_WARN_INT_CONVERSION = YES;
				CLANG_WARN_OBJC_ROOT_CLASS = YES_ERROR;
				CLANG_WARN_UNREACHABLE_CODE = YES;
				CLANG_WARN__DUPLICATE_METHOD_MATCH = YES;
				"CODE_SIGN_IDENTITY[sdk=iphoneos*]" = "iPhone Developer";
				COPY_PHASE_STRIP = NO;
				DEBUG_INFORMATION_FORMAT = dwarf;
				ENABLE_STRICT_OBJC_MSGSEND = YES;
				ENABLE_TESTABILITY = YES;
				GCC_C_LANGUAGE_STANDARD = gnu99;
				GCC_DYNAMIC_NO_PIC = NO;
				GCC_NO_COMMON_BLOCKS = YES;
				GCC_OPTIMIZATION_LEVEL = 0;
				GCC_PREPROCESSOR_DEFINITIONS = (
					"DEBUG=1",
					"$(inherited)",
				);
				GCC_WARN_64_TO_32_BIT_CONVERSION = YES;
				GCC_WARN_ABOUT_RETURN_TYPE = YES_ERROR;
				GCC_WARN_UNDECLARED_SELECTOR = YES;
				GCC_WARN_UNINITIALIZED_AUTOS = YES_AGGRESSIVE;
				GCC_WARN_UNUSED_FUNCTION = YES;
				GCC_WARN_UNUSED_VARIABLE = YES;
				IPHONEOS_DEPLOYMENT_TARGET = 10;
				MTL_ENABLE_DEBUG_INFO = YES;
				ONLY_ACTIVE_ARCH = YES;
				SDKROOT = iphoneos;
				SWIFT_OPTIMIZATION_LEVEL = "-Onone";
				TARGETED_DEVICE_FAMILY = "1,2";
			};
			name = Debug;
		};
		8276C65A1CF7741F0006DEC1 /* Release */ = {
			isa = XCBuildConfiguration;
			buildSettings = {
				ALWAYS_SEARCH_USER_PATHS = NO;
				CLANG_ANALYZER_NONNULL = YES;
				CLANG_CXX_LANGUAGE_STANDARD = "gnu++0x";
				CLANG_CXX_LIBRARY = "libc++";
				CLANG_ENABLE_MODULES = YES;
				CLANG_ENABLE_OBJC_ARC = YES;
				CLANG_WARN_BOOL_CONVERSION = YES;
				CLANG_WARN_CONSTANT_CONVERSION = YES;
				CLANG_WARN_DIRECT_OBJC_ISA_USAGE = YES_ERROR;
				CLANG_WARN_EMPTY_BODY = YES;
				CLANG_WARN_ENUM_CONVERSION = YES;
				CLANG_WARN_INT_CONVERSION = YES;
				CLANG_WARN_OBJC_ROOT_CLASS = YES_ERROR;
				CLANG_WARN_UNREACHABLE_CODE = YES;
				CLANG_WARN__DUPLICATE_METHOD_MATCH = YES;
				"CODE_SIGN_IDENTITY[sdk=iphoneos*]" = "iPhone Developer";
				COPY_PHASE_STRIP = NO;
				DEBUG_INFORMATION_FORMAT = "dwarf-with-dsym";
				ENABLE_NS_ASSERTIONS = NO;
				ENABLE_STRICT_OBJC_MSGSEND = YES;
				GCC_C_LANGUAGE_STANDARD = gnu99;
				GCC_NO_COMMON_BLOCKS = YES;
				GCC_WARN_64_TO_32_BIT_CONVERSION = YES;
				GCC_WARN_ABOUT_RETURN_TYPE = YES_ERROR;
				GCC_WARN_UNDECLARED_SELECTOR = YES;
				GCC_WARN_UNINITIALIZED_AUTOS = YES_AGGRESSIVE;
				GCC_WARN_UNUSED_FUNCTION = YES;
				GCC_WARN_UNUSED_VARIABLE = YES;
				IPHONEOS_DEPLOYMENT_TARGET = 10;
				MTL_ENABLE_DEBUG_INFO = NO;
				SDKROOT = iphoneos;
				TARGETED_DEVICE_FAMILY = "1,2";
				VALIDATE_PRODUCT = YES;
			};
			name = Release;
		};
		8276C65C1CF7741F0006DEC1 /* Debug */ = {
			isa = XCBuildConfiguration;
			baseConfigurationReference = 8D93072460BC9CE3E55F28E4 /* Pods.debug.xcconfig */;
			buildSettings = {
				ALWAYS_EMBED_SWIFT_STANDARD_LIBRARIES = YES;
				ASSETCATALOG_COMPILER_APPICON_NAME = AppIcon;
				INFOPLIST_FILE = GeoHome/Info.plist;
				LD_RUNPATH_SEARCH_PATHS = "$(inherited) @executable_path/Frameworks";
				PRODUCT_BUNDLE_IDENTIFIER = com.drobinin.GeoHome;
				PRODUCT_NAME = "$(TARGET_NAME)";
				SWIFT_VERSION = 2.3;
			};
			name = Debug;
		};
		8276C65D1CF7741F0006DEC1 /* Release */ = {
			isa = XCBuildConfiguration;
			baseConfigurationReference = DD03B1D914B3A4C59E678D1C /* Pods.release.xcconfig */;
			buildSettings = {
				ALWAYS_EMBED_SWIFT_STANDARD_LIBRARIES = YES;
				ASSETCATALOG_COMPILER_APPICON_NAME = AppIcon;
				INFOPLIST_FILE = GeoHome/Info.plist;
				LD_RUNPATH_SEARCH_PATHS = "$(inherited) @executable_path/Frameworks";
				PRODUCT_BUNDLE_IDENTIFIER = com.drobinin.GeoHome;
				PRODUCT_NAME = "$(TARGET_NAME)";
				SWIFT_OPTIMIZATION_LEVEL = "-Owholemodule";
				SWIFT_VERSION = 2.3;
			};
			name = Release;
		};
/* End XCBuildConfiguration section */

/* Begin XCConfigurationList section */
		8276C6441CF7741F0006DEC1 /* Build configuration list for PBXProject "GeoHome" */ = {
			isa = XCConfigurationList;
			buildConfigurations = (
				8276C6591CF7741F0006DEC1 /* Debug */,
				8276C65A1CF7741F0006DEC1 /* Release */,
			);
			defaultConfigurationIsVisible = 0;
			defaultConfigurationName = Release;
		};
		8276C65B1CF7741F0006DEC1 /* Build configuration list for PBXNativeTarget "GeoHome" */ = {
			isa = XCConfigurationList;
			buildConfigurations = (
				8276C65C1CF7741F0006DEC1 /* Debug */,
				8276C65D1CF7741F0006DEC1 /* Release */,
			);
			defaultConfigurationIsVisible = 0;
			defaultConfigurationName = Release;
		};
/* End XCConfigurationList section */
	};
	rootObject = 8276C6411CF7741F0006DEC1 /* Project object */;
}
